
Microsoft Visual Studio Solution File, Format Version 12.00
# Visual Studio 15
VisualStudioVersion = 15.0.28307.779
MinimumVisualStudioVersion = 10.0.40219.1
Project("{FAE04EC0-301F-11D3-BF4B-00C04F79EFBC}") = "Drive", "Drive\Drive.csproj", "{1D76A536-88E6-4394-A00C-2BEB75F70C8C}"
EndProject
Global
	GlobalSection(SolutionConfigurationPlatforms) = preSolution
		Debug|Any CPU = Debug|Any CPU
		Release|Any CPU = Release|Any CPU
	EndGlobalSection
	GlobalSection(ProjectConfigurationPlatforms) = postSolution
		{1D76A536-88E6-4394-A00C-2BEB75F70C8C}.Debug|Any CPU.ActiveCfg = Debug|Any CPU
		{1D76A536-88E6-4394-A00C-2BEB75F70C8C}.Debug|Any CPU.Build.0 = Debug|Any CPU
		{1D76A536-88E6-4394-A00C-2BEB75F70C8C}.Release|Any CPU.ActiveCfg = Release|Any CPU
		{1D76A536-88E6-4394-A00C-2BEB75F70C8C}.Release|Any CPU.Build.0 = Release|Any CPU
	EndGlobalSection
	GlobalSection(SolutionProperties) = preSolution
		HideSolutionNode = FALSE
	EndGlobalSection
	GlobalSection(ExtensibilityGlobals) = postSolution
		SolutionGuid = {0C7AD3BD-37F4-40FD-9B3D-725C7E4A0321}
	EndGlobalSection
EndGlobal
